// !$*UTF8*$!
{
	archiveVersion = 1;
	classes = {
	};
	objectVersion = 50;
	objects = {

/* Begin PBXBuildFile section */
		34ACA7F2238036D7000FF0A0 /* AppDelegate.swift in Sources */ = {isa = PBXBuildFile; fileRef = 34ACA7F1238036D7000FF0A0 /* AppDelegate.swift */; };
		34ACA7F4238036D7000FF0A0 /* SceneDelegate.swift in Sources */ = {isa = PBXBuildFile; fileRef = 34ACA7F3238036D7000FF0A0 /* SceneDelegate.swift */; };
		34ACA7F6238036D7000FF0A0 /* ViewController.swift in Sources */ = {isa = PBXBuildFile; fileRef = 34ACA7F5238036D7000FF0A0 /* ViewController.swift */; };
		34ACA7F9238036D7000FF0A0 /* Main.storyboard in Resources */ = {isa = PBXBuildFile; fileRef = 34ACA7F7238036D7000FF0A0 /* Main.storyboard */; };
		34ACA7FB238036D9000FF0A0 /* Assets.xcassets in Resources */ = {isa = PBXBuildFile; fileRef = 34ACA7FA238036D9000FF0A0 /* Assets.xcassets */; };
		34ACA7FE238036D9000FF0A0 /* LaunchScreen.storyboard in Resources */ = {isa = PBXBuildFile; fileRef = 34ACA7FC238036D9000FF0A0 /* LaunchScreen.storyboard */; };
		34ACA809238036D9000FF0A0 /* _____Tests.swift in Sources */ = {isa = PBXBuildFile; fileRef = 34ACA808238036D9000FF0A0 /* _____Tests.swift */; };
		34ACA814238036D9000FF0A0 /* _____UITests.swift in Sources */ = {isa = PBXBuildFile; fileRef = 34ACA813238036D9000FF0A0 /* _____UITests.swift */; };
/* End PBXBuildFile section */

/* Begin PBXContainerItemProxy section */
		34ACA805238036D9000FF0A0 /* PBXContainerItemProxy */ = {
			isa = PBXContainerItemProxy;
			containerPortal = 34ACA7E6238036D7000FF0A0 /* Project object */;
			proxyType = 1;
			remoteGlobalIDString = 34ACA7ED238036D7000FF0A0;
			remoteInfo = "闭包的演练";
		};
		34ACA810238036D9000FF0A0 /* PBXContainerItemProxy */ = {
			isa = PBXContainerItemProxy;
			containerPortal = 34ACA7E6238036D7000FF0A0 /* Project object */;
			proxyType = 1;
			remoteGlobalIDString = 34ACA7ED238036D7000FF0A0;
			remoteInfo = "闭包的演练";
		};
/* End PBXContainerItemProxy section */

/* Begin PBXFileReference section */
		34ACA7EE238036D7000FF0A0 /* 闭包的演练.app */ = {isa = PBXFileReference; explicitFileType = wrapper.application; includeInIndex = 0; path = "闭包的演练.app"; sourceTree = BUILT_PRODUCTS_DIR; };
		34ACA7F1238036D7000FF0A0 /* AppDelegate.swift */ = {isa = PBXFileReference; lastKnownFileType = sourcecode.swift; path = AppDelegate.swift; sourceTree = "<group>"; };
		34ACA7F3238036D7000FF0A0 /* SceneDelegate.swift */ = {isa = PBXFileReference; lastKnownFileType = sourcecode.swift; path = SceneDelegate.swift; sourceTree = "<group>"; };
		34ACA7F5238036D7000FF0A0 /* ViewController.swift */ = {isa = PBXFileReference; lastKnownFileType = sourcecode.swift; path = ViewController.swift; sourceTree = "<group>"; };
		34ACA7F8238036D7000FF0A0 /* Base */ = {isa = PBXFileReference; lastKnownFileType = file.storyboard; name = Base; path = Base.lproj/Main.storyboard; sourceTree = "<group>"; };
		34ACA7FA238036D9000FF0A0 /* Assets.xcassets */ = {isa = PBXFileReference; lastKnownFileType = folder.assetcatalog; path = Assets.xcassets; sourceTree = "<group>"; };
		34ACA7FD238036D9000FF0A0 /* Base */ = {isa = PBXFileReference; lastKnownFileType = file.storyboard; name = Base; path = Base.lproj/LaunchScreen.storyboard; sourceTree = "<group>"; };
		34ACA7FF238036D9000FF0A0 /* Info.plist */ = {isa = PBXFileReference; lastKnownFileType = text.plist.xml; path = Info.plist; sourceTree = "<group>"; };
		34ACA804238036D9000FF0A0 /* 闭包的演练Tests.xctest */ = {isa = PBXFileReference; explicitFileType = wrapper.cfbundle; includeInIndex = 0; path = "闭包的演练Tests.xctest"; sourceTree = BUILT_PRODUCTS_DIR; };
		34ACA808238036D9000FF0A0 /* _____Tests.swift */ = {isa = PBXFileReference; lastKnownFileType = sourcecode.swift; path = "_____Tests.swift"; sourceTree = "<group>"; };
		34ACA80A238036D9000FF0A0 /* Info.plist */ = {isa = PBXFileReference; lastKnownFileType = text.plist.xml; path = Info.plist; sourceTree = "<group>"; };
		34ACA80F238036D9000FF0A0 /* 闭包的演练UITests.xctest */ = {isa = PBXFileReference; explicitFileType = wrapper.cfbundle; includeInIndex = 0; path = "闭包的演练UITests.xctest"; sourceTree = BUILT_PRODUCTS_DIR; };
		34ACA813238036D9000FF0A0 /* _____UITests.swift */ = {isa = PBXFileReference; lastKnownFileType = sourcecode.swift; path = "_____UITests.swift"; sourceTree = "<group>"; };
		34ACA815238036D9000FF0A0 /* Info.plist */ = {isa = PBXFileReference; lastKnownFileType = text.plist.xml; path = Info.plist; sourceTree = "<group>"; };
/* End PBXFileReference section */

/* Begin PBXFrameworksBuildPhase section */
		34ACA7EB238036D7000FF0A0 /* Frameworks */ = {
			isa = PBXFrameworksBuildPhase;
			buildActionMask = 2147483647;
			files = (
			);
			runOnlyForDeploymentPostprocessing = 0;
		};
		34ACA801238036D9000FF0A0 /* Frameworks */ = {
			isa = PBXFrameworksBuildPhase;
			buildActionMask = 2147483647;
			files = (
			);
			runOnlyForDeploymentPostprocessing = 0;
		};
		34ACA80C238036D9000FF0A0 /* Frameworks */ = {
			isa = PBXFrameworksBuildPhase;
			buildActionMask = 2147483647;
			files = (
			);
			runOnlyForDeploymentPostprocessing = 0;
		};
/* End PBXFrameworksBuildPhase section */

/* Begin PBXGroup section */
		34ACA7E5238036D7000FF0A0 = {
			isa = PBXGroup;
			children = (
				34ACA7F0238036D7000FF0A0 /* 闭包的演练 */,
				34ACA807238036D9000FF0A0 /* 闭包的演练Tests */,
				34ACA812238036D9000FF0A0 /* 闭包的演练UITests */,
				34ACA7EF238036D7000FF0A0 /* Products */,
			);
			sourceTree = "<group>";
		};
		34ACA7EF238036D7000FF0A0 /* Products */ = {
			isa = PBXGroup;
			children = (
				34ACA7EE238036D7000FF0A0 /* 闭包的演练.app */,
				34ACA804238036D9000FF0A0 /* 闭包的演练Tests.xctest */,
				34ACA80F238036D9000FF0A0 /* 闭包的演练UITests.xctest */,
			);
			name = Products;
			sourceTree = "<group>";
		};
		34ACA7F0238036D7000FF0A0 /* 闭包的演练 */ = {
			isa = PBXGroup;
			children = (
				34ACA7F1238036D7000FF0A0 /* AppDelegate.swift */,
				34ACA7F3238036D7000FF0A0 /* SceneDelegate.swift */,
				34ACA7F5238036D7000FF0A0 /* ViewController.swift */,
				34ACA7F7238036D7000FF0A0 /* Main.storyboard */,
				34ACA7FA238036D9000FF0A0 /* Assets.xcassets */,
				34ACA7FC238036D9000FF0A0 /* LaunchScreen.storyboard */,
				34ACA7FF238036D9000FF0A0 /* Info.plist */,
			);
			path = "闭包的演练";
			sourceTree = "<group>";
		};
		34ACA807238036D9000FF0A0 /* 闭包的演练Tests */ = {
			isa = PBXGroup;
			children = (
				34ACA808238036D9000FF0A0 /* _____Tests.swift */,
				34ACA80A238036D9000FF0A0 /* Info.plist */,
			);
			path = "闭包的演练Tests";
			sourceTree = "<group>";
		};
		34ACA812238036D9000FF0A0 /* 闭包的演练UITests */ = {
			isa = PBXGroup;
			children = (
				34ACA813238036D9000FF0A0 /* _____UITests.swift */,
				34ACA815238036D9000FF0A0 /* Info.plist */,
			);
			path = "闭包的演练UITests";
			sourceTree = "<group>";
		};
/* End PBXGroup section */

/* Begin PBXNativeTarget section */
		34ACA7ED238036D7000FF0A0 /* 闭包的演练 */ = {
			isa = PBXNativeTarget;
			buildConfigurationList = 34ACA818238036D9000FF0A0 /* Build configuration list for PBXNativeTarget "闭包的演练" */;
			buildPhases = (
				34ACA7EA238036D7000FF0A0 /* Sources */,
				34ACA7EB238036D7000FF0A0 /* Frameworks */,
				34ACA7EC238036D7000FF0A0 /* Resources */,
			);
			buildRules = (
			);
			dependencies = (
			);
			name = "闭包的演练";
			productName = "闭包的演练";
			productReference = 34ACA7EE238036D7000FF0A0 /* 闭包的演练.app */;
			productType = "com.apple.product-type.application";
		};
		34ACA803238036D9000FF0A0 /* 闭包的演练Tests */ = {
			isa = PBXNativeTarget;
			buildConfigurationList = 34ACA81B238036D9000FF0A0 /* Build configuration list for PBXNativeTarget "闭包的演练Tests" */;
			buildPhases = (
				34ACA800238036D9000FF0A0 /* Sources */,
				34ACA801238036D9000FF0A0 /* Frameworks */,
				34ACA802238036D9000FF0A0 /* Resources */,
			);
			buildRules = (
			);
			dependencies = (
				34ACA806238036D9000FF0A0 /* PBXTargetDependency */,
			);
			name = "闭包的演练Tests";
			productName = "闭包的演练Tests";
			productReference = 34ACA804238036D9000FF0A0 /* 闭包的演练Tests.xctest */;
			productType = "com.apple.product-type.bundle.unit-test";
		};
		34ACA80E238036D9000FF0A0 /* 闭包的演练UITests */ = {
			isa = PBXNativeTarget;
			buildConfigurationList = 34ACA81E238036D9000FF0A0 /* Build configuration list for PBXNativeTarget "闭包的演练UITests" */;
			buildPhases = (
				34ACA80B238036D9000FF0A0 /* Sources */,
				34ACA80C238036D9000FF0A0 /* Frameworks */,
				34ACA80D238036D9000FF0A0 /* Resources */,
			);
			buildRules = (
			);
			dependencies = (
				34ACA811238036D9000FF0A0 /* PBXTargetDependency */,
			);
			name = "闭包的演练UITests";
			productName = "闭包的演练UITests";
			productReference = 34ACA80F238036D9000FF0A0 /* 闭包的演练UITests.xctest */;
			productType = "com.apple.product-type.bundle.ui-testing";
		};
/* End PBXNativeTarget section */

/* Begin PBXProject section */
		34ACA7E6238036D7000FF0A0 /* Project object */ = {
			isa = PBXProject;
			attributes = {
				LastSwiftUpdateCheck = 1120;
				LastUpgradeCheck = 1120;
				ORGANIZATIONNAME = CY;
				TargetAttributes = {
					34ACA7ED238036D7000FF0A0 = {
						CreatedOnToolsVersion = 11.2.1;
					};
					34ACA803238036D9000FF0A0 = {
						CreatedOnToolsVersion = 11.2.1;
						TestTargetID = 34ACA7ED238036D7000FF0A0;
					};
					34ACA80E238036D9000FF0A0 = {
						CreatedOnToolsVersion = 11.2.1;
						TestTargetID = 34ACA7ED238036D7000FF0A0;
					};
				};
			};
			buildConfigurationList = 34ACA7E9238036D7000FF0A0 /* Build configuration list for PBXProject "闭包的演练" */;
			compatibilityVersion = "Xcode 9.3";
			developmentRegion = en;
			hasScannedForEncodings = 0;
			knownRegions = (
				en,
				Base,
			);
			mainGroup = 34ACA7E5238036D7000FF0A0;
			productRefGroup = 34ACA7EF238036D7000FF0A0 /* Products */;
			projectDirPath = "";
			projectRoot = "";
			targets = (
				34ACA7ED238036D7000FF0A0 /* 闭包的演练 */,
				34ACA803238036D9000FF0A0 /* 闭包的演练Tests */,
				34ACA80E238036D9000FF0A0 /* 闭包的演练UITests */,
			);
		};
/* End PBXProject section */

/* Begin PBXResourcesBuildPhase section */
		34ACA7EC238036D7000FF0A0 /* Resources */ = {
			isa = PBXResourcesBuildPhase;
			buildActionMask = 2147483647;
			files = (
				34ACA7FE238036D9000FF0A0 /* LaunchScreen.storyboard in Resources */,
				34ACA7FB238036D9000FF0A0 /* Assets.xcassets in Resources */,
				34ACA7F9238036D7000FF0A0 /* Main.storyboard in Resources */,
			);
			runOnlyForDeploymentPostprocessing = 0;
		};
		34ACA802238036D9000FF0A0 /* Resources */ = {
			isa = PBXResourcesBuildPhase;
			buildActionMask = 2147483647;
			files = (
			);
			runOnlyForDeploymentPostprocessing = 0;
		};
		34ACA80D238036D9000FF0A0 /* Resources */ = {
			isa = PBXResourcesBuildPhase;
			buildActionMask = 2147483647;
			files = (
			);
			runOnlyForDeploymentPostprocessing = 0;
		};
/* End PBXResourcesBuildPhase section */

/* Begin PBXSourcesBuildPhase section */
		34ACA7EA238036D7000FF0A0 /* Sources */ = {
			isa = PBXSourcesBuildPhase;
			buildActionMask = 2147483647;
			files = (
				34ACA7F6238036D7000FF0A0 /* ViewController.swift in Sources */,
				34ACA7F2238036D7000FF0A0 /* AppDelegate.swift in Sources */,
				34ACA7F4238036D7000FF0A0 /* SceneDelegate.swift in Sources */,
			);
			runOnlyForDeploymentPostprocessing = 0;
		};
		34ACA800238036D9000FF0A0 /* Sources */ = {
			isa = PBXSourcesBuildPhase;
			buildActionMask = 2147483647;
			files = (
				34ACA809238036D9000FF0A0 /* _____Tests.swift in Sources */,
			);
			runOnlyForDeploymentPostprocessing = 0;
		};
		34ACA80B238036D9000FF0A0 /* Sources */ = {
			isa = PBXSourcesBuildPhase;
			buildActionMask = 2147483647;
			files = (
				34ACA814238036D9000FF0A0 /* _____UITests.swift in Sources */,
			);
			runOnlyForDeploymentPostprocessing = 0;
		};
/* End PBXSourcesBuildPhase section */

/* Begin PBXTargetDependency section */
		34ACA806238036D9000FF0A0 /* PBXTargetDependency */ = {
			isa = PBXTargetDependency;
			target = 34ACA7ED238036D7000FF0A0 /* 闭包的演练 */;
			targetProxy = 34ACA805238036D9000FF0A0 /* PBXContainerItemProxy */;
		};
		34ACA811238036D9000FF0A0 /* PBXTargetDependency */ = {
			isa = PBXTargetDependency;
			target = 34ACA7ED238036D7000FF0A0 /* 闭包的演练 */;
			targetProxy = 34ACA810238036D9000FF0A0 /* PBXContainerItemProxy */;
		};
/* End PBXTargetDependency section */

/* Begin PBXVariantGroup section */
		34ACA7F7238036D7000FF0A0 /* Main.storyboard */ = {
			isa = PBXVariantGroup;
			children = (
				34ACA7F8238036D7000FF0A0 /* Base */,
			);
			name = Main.storyboard;
			sourceTree = "<group>";
		};
		34ACA7FC238036D9000FF0A0 /* LaunchScreen.storyboard */ = {
			isa = PBXVariantGroup;
			children = (
				34ACA7FD238036D9000FF0A0 /* Base */,
			);
			name = LaunchScreen.storyboard;
			sourceTree = "<group>";
		};
/* End PBXVariantGroup section */

/* Begin XCBuildConfiguration section */
		34ACA816238036D9000FF0A0 /* Debug */ = {
			isa = XCBuildConfiguration;
			buildSettings = {
				ALWAYS_SEARCH_USER_PATHS = NO;
				CLANG_ANALYZER_NONNULL = YES;
				CLANG_ANALYZER_NUMBER_OBJECT_CONVERSION = YES_AGGRESSIVE;
				CLANG_CXX_LANGUAGE_STANDARD = "gnu++14";
				CLANG_CXX_LIBRARY = "libc++";
				CLANG_ENABLE_MODULES = YES;
				CLANG_ENABLE_OBJC_ARC = YES;
				CLANG_ENABLE_OBJC_WEAK = YES;
				CLANG_WARN_BLOCK_CAPTURE_AUTORELEASING = YES;
				CLANG_WARN_BOOL_CONVERSION = YES;
				CLANG_WARN_COMMA = YES;
				CLANG_WARN_CONSTANT_CONVERSION = YES;
				CLANG_WARN_DEPRECATED_OBJC_IMPLEMENTATIONS = YES;
				CLANG_WARN_DIRECT_OBJC_ISA_USAGE = YES_ERROR;
				CLANG_WARN_DOCUMENTATION_COMMENTS = YES;
				CLANG_WARN_EMPTY_BODY = YES;
				CLANG_WARN_ENUM_CONVERSION = YES;
				CLANG_WARN_INFINITE_RECURSION = YES;
				CLANG_WARN_INT_CONVERSION = YES;
				CLANG_WARN_NON_LITERAL_NULL_CONVERSION = YES;
				CLANG_WARN_OBJC_IMPLICIT_RETAIN_SELF = YES;
				CLANG_WARN_OBJC_LITERAL_CONVERSION = YES;
				CLANG_WARN_OBJC_ROOT_CLASS = YES_ERROR;
				CLANG_WARN_RANGE_LOOP_ANALYSIS = YES;
				CLANG_WARN_STRICT_PROTOTYPES = YES;
				CLANG_WARN_SUSPICIOUS_MOVE = YES;
				CLANG_WARN_UNGUARDED_AVAILABILITY = YES_AGGRESSIVE;
				CLANG_WARN_UNREACHABLE_CODE = YES;
				CLANG_WARN__DUPLICATE_METHOD_MATCH = YES;
				COPY_PHASE_STRIP = NO;
				DEBUG_INFORMATION_FORMAT = dwarf;
				ENABLE_STRICT_OBJC_MSGSEND = YES;
				ENABLE_TESTABILITY = YES;
				GCC_C_LANGUAGE_STANDARD = gnu11;
				GCC_DYNAMIC_NO_PIC = NO;
				GCC_NO_COMMON_BLOCKS = YES;
				GCC_OPTIMIZATION_LEVEL = 0;
				GCC_PREPROCESSOR_DEFINITIONS = (
					"DEBUG=1",
					"$(inherited)",
				);
				GCC_WARN_64_TO_32_BIT_CONVERSION = YES;
				GCC_WARN_ABOUT_RETURN_TYPE = YES_ERROR;
				GCC_WARN_UNDECLARED_SELECTOR = YES;
				GCC_WARN_UNINITIALIZED_AUTOS = YES_AGGRESSIVE;
				GCC_WARN_UNUSED_FUNCTION = YES;
				GCC_WARN_UNUSED_VARIABLE = YES;
				IPHONEOS_DEPLOYMENT_TARGET = 13.2;
				MTL_ENABLE_DEBUG_INFO = INCLUDE_SOURCE;
				MTL_FAST_MATH = YES;
				ONLY_ACTIVE_ARCH = YES;
				SDKROOT = iphoneos;
				SWIFT_ACTIVE_COMPILATION_CONDITIONS = DEBUG;
				SWIFT_OPTIMIZATION_LEVEL = "-Onone";
			};
			name = Debug;
		};
		34ACA817238036D9000FF0A0 /* Release */ = {
			isa = XCBuildConfiguration;
			buildSettings = {
				ALWAYS_SEARCH_USER_PATHS = NO;
				CLANG_ANALYZER_NONNULL = YES;
				CLANG_ANALYZER_NUMBER_OBJECT_CONVERSION = YES_AGGRESSIVE;
				CLANG_CXX_LANGUAGE_STANDARD = "gnu++14";
				CLANG_CXX_LIBRARY = "libc++";
				CLANG_ENABLE_MODULES = YES;
				CLANG_ENABLE_OBJC_ARC = YES;
				CLANG_ENABLE_OBJC_WEAK = YES;
				CLANG_WARN_BLOCK_CAPTURE_AUTORELEASING = YES;
				CLANG_WARN_BOOL_CONVERSION = YES;
				CLANG_WARN_COMMA = YES;
				CLANG_WARN_CONSTANT_CONVERSION = YES;
				CLANG_WARN_DEPRECATED_OBJC_IMPLEMENTATIONS = YES;
				CLANG_WARN_DIRECT_OBJC_ISA_USAGE = YES_ERROR;
				CLANG_WARN_DOCUMENTATION_COMMENTS = YES;
				CLANG_WARN_EMPTY_BODY = YES;
				CLANG_WARN_ENUM_CONVERSION = YES;
				CLANG_WARN_INFINITE_RECURSION = YES;
				CLANG_WARN_INT_CONVERSION = YES;
				CLANG_WARN_NON_LITERAL_NULL_CONVERSION = YES;
				CLANG_WARN_OBJC_IMPLICIT_RETAIN_SELF = YES;
				CLANG_WARN_OBJC_LITERAL_CONVERSION = YES;
				CLANG_WARN_OBJC_ROOT_CLASS = YES_ERROR;
				CLANG_WARN_RANGE_LOOP_ANALYSIS = YES;
				CLANG_WARN_STRICT_PROTOTYPES = YES;
				CLANG_WARN_SUSPICIOUS_MOVE = YES;
				CLANG_WARN_UNGUARDED_AVAILABILITY = YES_AGGRESSIVE;
				CLANG_WARN_UNREACHABLE_CODE = YES;
				CLANG_WARN__DUPLICATE_METHOD_MATCH = YES;
				COPY_PHASE_STRIP = NO;
				DEBUG_INFORMATION_FORMAT = "dwarf-with-dsym";
				ENABLE_NS_ASSERTIONS = NO;
				ENABLE_STRICT_OBJC_MSGSEND = YES;
				GCC_C_LANGUAGE_STANDARD = gnu11;
				GCC_NO_COMMON_BLOCKS = YES;
				GCC_WARN_64_TO_32_BIT_CONVERSION = YES;
				GCC_WARN_ABOUT_RETURN_TYPE = YES_ERROR;
				GCC_WARN_UNDECLARED_SELECTOR = YES;
				GCC_WARN_UNINITIALIZED_AUTOS = YES_AGGRESSIVE;
				GCC_WARN_UNUSED_FUNCTION = YES;
				GCC_WARN_UNUSED_VARIABLE = YES;
				IPHONEOS_DEPLOYMENT_TARGET = 13.2;
				MTL_ENABLE_DEBUG_INFO = NO;
				MTL_FAST_MATH = YES;
				SDKROOT = iphoneos;
				SWIFT_COMPILATION_MODE = wholemodule;
				SWIFT_OPTIMIZATION_LEVEL = "-O";
				VALIDATE_PRODUCT = YES;
			};
			name = Release;
		};
		34ACA819238036D9000FF0A0 /* Debug */ = {
			isa = XCBuildConfiguration;
			buildSettings = {
				ASSETCATALOG_COMPILER_APPICON_NAME = AppIcon;
				CODE_SIGN_STYLE = Automatic;
				INFOPLIST_FILE = "闭包的演练/Info.plist";
				LD_RUNPATH_SEARCH_PATHS = (
					"$(inherited)",
					"@executable_path/Frameworks",
				);
				PRODUCT_BUNDLE_IDENTIFIER = "com.cy.-----";
				PRODUCT_NAME = "$(TARGET_NAME)";
				SWIFT_VERSION = 5.0;
				TARGETED_DEVICE_FAMILY = "1,2";
			};
			name = Debug;
		};
		34ACA81A238036D9000FF0A0 /* Release */ = {
			isa = XCBuildConfiguration;
			buildSettings = {
				ASSETCATALOG_COMPILER_APPICON_NAME = AppIcon;
				CODE_SIGN_STYLE = Automatic;
				INFOPLIST_FILE = "闭包的演练/Info.plist";
				LD_RUNPATH_SEARCH_PATHS = (
					"$(inherited)",
					"@executable_path/Frameworks",
				);
				PRODUCT_BUNDLE_IDENTIFIER = "com.cy.-----";
				PRODUCT_NAME = "$(TARGET_NAME)";
				SWIFT_VERSION = 5.0;
				TARGETED_DEVICE_FAMILY = "1,2";
			};
			name = Release;
		};
		34ACA81C238036D9000FF0A0 /* Debug */ = {
			isa = XCBuildConfiguration;
			buildSettings = {
				ALWAYS_EMBED_SWIFT_STANDARD_LIBRARIES = YES;
				BUNDLE_LOADER = "$(TEST_HOST)";
				CODE_SIGN_STYLE = Automatic;
				INFOPLIST_FILE = "闭包的演练Tests/Info.plist";
				IPHONEOS_DEPLOYMENT_TARGET = 13.2;
				LD_RUNPATH_SEARCH_PATHS = (
					"$(inherited)",
					"@executable_path/Frameworks",
					"@loader_path/Frameworks",
				);
				PRODUCT_BUNDLE_IDENTIFIER = "com.cy.-----Tests";
				PRODUCT_NAME = "$(TARGET_NAME)";
				SWIFT_VERSION = 5.0;
				TARGETED_DEVICE_FAMILY = "1,2";
				TEST_HOST = "$(BUILT_PRODUCTS_DIR)/闭包的演练.app/闭包的演练";
			};
			name = Debug;
		};
		34ACA81D238036D9000FF0A0 /* Release */ = {
			isa = XCBuildConfiguration;
			buildSettings = {
				ALWAYS_EMBED_SWIFT_STANDARD_LIBRARIES = YES;
				BUNDLE_LOADER = "$(TEST_HOST)";
				CODE_SIGN_STYLE = Automatic;
				INFOPLIST_FILE = "闭包的演练Tests/Info.plist";
				IPHONEOS_DEPLOYMENT_TARGET = 13.2;
				LD_RUNPATH_SEARCH_PATHS = (
					"$(inherited)",
					"@executable_path/Frameworks",
					"@loader_path/Frameworks",
				);
				PRODUCT_BUNDLE_IDENTIFIER = "com.cy.-----Tests";
				PRODUCT_NAME = "$(TARGET_NAME)";
				SWIFT_VERSION = 5.0;
				TARGETED_DEVICE_FAMILY = "1,2";
				TEST_HOST = "$(BUILT_PRODUCTS_DIR)/闭包的演练.app/闭包的演练";
			};
			name = Release;
		};
		34ACA81F238036D9000FF0A0 /* Debug */ = {
			isa = XCBuildConfiguration;
			buildSettings = {
				ALWAYS_EMBED_SWIFT_STANDARD_LIBRARIES = YES;
				CODE_SIGN_STYLE = Automatic;
				INFOPLIST_FILE = "闭包的演练UITests/Info.plist";
				LD_RUNPATH_SEARCH_PATHS = (
					"$(inherited)",
					"@executable_path/Frameworks",
					"@loader_path/Frameworks",
				);
				PRODUCT_BUNDLE_IDENTIFIER = "com.cy.-----UITests";
				PRODUCT_NAME = "$(TARGET_NAME)";
				SWIFT_VERSION = 5.0;
				TARGETED_DEVICE_FAMILY = "1,2";
				TEST_TARGET_NAME = "闭包的演练";
			};
			name = Debug;
		};
		34ACA820238036D9000FF0A0 /* Release */ = {
			isa = XCBuildConfiguration;
			buildSettings = {
				ALWAYS_EMBED_SWIFT_STANDARD_LIBRARIES = YES;
				CODE_SIGN_STYLE = Automatic;
				INFOPLIST_FILE = "闭包的演练UITests/Info.plist";
				LD_RUNPATH_SEARCH_PATHS = (
					"$(inherited)",
					"@executable_path/Frameworks",
					"@loader_path/Frameworks",
				);
				PRODUCT_BUNDLE_IDENTIFIER = "com.cy.-----UITests";
				PRODUCT_NAME = "$(TARGET_NAME)";
				SWIFT_VERSION = 5.0;
				TARGETED_DEVICE_FAMILY = "1,2";
				TEST_TARGET_NAME = "闭包的演练";
			};
			name = Release;
		};
/* End XCBuildConfiguration section */

/* Begin XCConfigurationList section */
		34ACA7E9238036D7000FF0A0 /* Build configuration list for PBXProject "闭包的演练" */ = {
			isa = XCConfigurationList;
			buildConfigurations = (
				34ACA816238036D9000FF0A0 /* Debug */,
				34ACA817238036D9000FF0A0 /* Release */,
			);
			defaultConfigurationIsVisible = 0;
			defaultConfigurationName = Release;
		};
		34ACA818238036D9000FF0A0 /* Build configuration list for PBXNativeTarget "闭包的演练" */ = {
			isa = XCConfigurationList;
			buildConfigurations = (
				34ACA819238036D9000FF0A0 /* Debug */,
				34ACA81A238036D9000FF0A0 /* Release */,
			);
			defaultConfigurationIsVisible = 0;
			defaultConfigurationName = Release;
		};
		34ACA81B238036D9000FF0A0 /* Build configuration list for PBXNativeTarget "闭包的演练Tests" */ = {
			isa = XCConfigurationList;
			buildConfigurations = (
				34ACA81C238036D9000FF0A0 /* Debug */,
				34ACA81D238036D9000FF0A0 /* Release */,
			);
			defaultConfigurationIsVisible = 0;
			defaultConfigurationName = Release;
		};
		34ACA81E238036D9000FF0A0 /* Build configuration list for PBXNativeTarget "闭包的演练UITests" */ = {
			isa = XCConfigurationList;
			buildConfigurations = (
				34ACA81F238036D9000FF0A0 /* Debug */,
				34ACA820238036D9000FF0A0 /* Release */,
			);
			defaultConfigurationIsVisible = 0;
			defaultConfigurationName = Release;
		};
/* End XCConfigurationList section */
	};
	rootObject = 34ACA7E6238036D7000FF0A0 /* Project object */;
}
